<?xml version="1.0" encoding="utf-8"?>
<Project ToolsVersion="4.0" xmlns="http://schemas.microsoft.com/developer/msbuild/2003">
  <ItemGroup>
    <Filter Include="driver">
      <UniqueIdentifier>{5448A179-D946-4953-8C3D-49D9D3265724}</UniqueIdentifier>
    </Filter>
    <Filter Include="library">
      <UniqueIdentifier>{B24DEBF0-3942-49FE-9614-FBCAD888796F}</UniqueIdentifier>
    </Filter>
  </ItemGroup>
  <ItemGroup>
    <ClCompile Include="driver\driver.c">
      <Filter>driver</Filter>
    </ClCompile>
    <ClCompile Include="driver\example_sample.c">
      <Filter>driver</Filter>
    </ClCompile>
  </ItemGroup>
  <ItemGroup>
    <ClInclude Include="..\..\yyjson_kmdf_lib\include\yyjson.h">
      <Filter>library</Filter>
    </ClInclude>
    <ClInclude Include="..\..\yyjson_kmdf_lib\include\yyjsonk_runtime.h">
      <Filter>library</Filter>
    </ClInclude>
    <ClInclude Include="driver\example_sample.h">
      <Filter>driver</Filter>
    </ClInclude>
    <ClInclude Include="driver\kprintf.h">
      <Filter>driver</Filter>
    </ClInclude>
  </ItemGroup>
  <ItemGroup>
    <None Include="..\README.md" />
  </ItemGroup>
  <ItemGroup>
    <Inf Include="example.inf" />
  </ItemGroup>
</Project>
