<?xml version="1.0" encoding="utf-8"?>
<Project ToolsVersion="4.0" xmlns="http://schemas.microsoft.com/developer/msbuild/2003">
  <ItemGroup>
    <Filter Include="include">
      <UniqueIdentifier>{946B0D16-F05D-4755-BBE7-45371E18E428}</UniqueIdentifier>
    </Filter>
    <Filter Include="src">
      <UniqueIdentifier>{98A5B3B5-57A5-4979-91B9-D9D10DD80E24}</UniqueIdentifier>
    </Filter>
    <Filter Include="compat\src">
      <UniqueIdentifier>{03E533E5-0FE6-46A2-A548-0FB8020C0D0D}</UniqueIdentifier>
    </Filter>
    <Filter Include="third_party">
      <UniqueIdentifier>{81997EDB-F84D-40C5-B531-5041F0BBD373}</UniqueIdentifier>
    </Filter>
    <Filter Include="yyjson">
      <UniqueIdentifier>{94275425-C55B-42E1-99E0-069A42C87E7E}</UniqueIdentifier>
    </Filter>
  </ItemGroup>
  <ItemGroup>
    <ClCompile Include="compat\src\yyjsonk_alloc.c">
      <Filter>compat\src</Filter>
    </ClCompile>
    <ClCompile Include="compat\src\yyjsonk_format.c">
      <Filter>compat\src</Filter>
    </ClCompile>
    <ClCompile Include="compat\src\yyjsonk_locale.c">
      <Filter>compat\src</Filter>
    </ClCompile>
    <ClCompile Include="compat\src\yyjsonk_runtime.c">
      <Filter>compat\src</Filter>
    </ClCompile>
    <ClCompile Include="compat\src\yyjsonk_stdio.c">
      <Filter>compat\src</Filter>
    </ClCompile>
    <ClCompile Include="src\yyjson.c">
      <Filter>src</Filter>
    </ClCompile>
    <ClCompile Include="third_party\goo_double_conv.c">
      <Filter>third_party</Filter>
    </ClCompile>
  </ItemGroup>
  <ItemGroup>
    <ClInclude Include="include\assert.h">
      <Filter>include</Filter>
    </ClInclude>
    <ClInclude Include="include\locale.h">
      <Filter>include</Filter>
    </ClInclude>
    <ClInclude Include="include\math.h">
      <Filter>include</Filter>
    </ClInclude>
    <ClInclude Include="include\stdio.h">
      <Filter>include</Filter>
    </ClInclude>
    <ClInclude Include="include\yyjson.h">
      <Filter>include</Filter>
    </ClInclude>
    <ClInclude Include="include\yyjsonk_config.h">
      <Filter>include</Filter>
    </ClInclude>
    <ClInclude Include="include\yyjsonk_runtime.h">
      <Filter>include</Filter>
    </ClInclude>
    <ClInclude Include="third_party\goo_double_conv.h">
      <Filter>third_party</Filter>
    </ClInclude>
  </ItemGroup>
  <ItemGroup>
    <None Include="yyjson\LICENSE">
      <Filter>yyjson</Filter>
    </None>
    <None Include="yyjson\README.md">
      <Filter>yyjson</Filter>
    </None>
  </ItemGroup>
</Project>
